
Microsoft Visual Studio Solution File, Format Version 12.00
# Visual Studio Version 17
VisualStudioVersion = 17.0.32126.317
MinimumVisualStudioVersion = 10.0.40219.1
Project("{FAE04EC0-301F-11D3-BF4B-00C04F79EFBC}") = "Triangulo_classe(Csharp)", "Triangulo_classe(Csharp).csproj", "{483718BB-7324-4B2F-BBF6-94ACF31921B4}"
EndProject
Global
	GlobalSection(SolutionConfigurationPlatforms) = preSolution
		Debug|Any CPU = Debug|Any CPU
		Release|Any CPU = Release|Any CPU
	EndGlobalSection
	GlobalSection(ProjectConfigurationPlatforms) = postSolution
		{483718BB-7324-4B2F-BBF6-94ACF31921B4}.Debug|Any CPU.ActiveCfg = Debug|Any CPU
		{483718BB-7324-4B2F-BBF6-94ACF31921B4}.Debug|Any CPU.Build.0 = Debug|Any CPU
		{483718BB-7324-4B2F-BBF6-94ACF31921B4}.Release|Any CPU.ActiveCfg = Release|Any CPU
		{483718BB-7324-4B2F-BBF6-94ACF31921B4}.Release|Any CPU.Build.0 = Release|Any CPU
	EndGlobalSection
	GlobalSection(SolutionProperties) = preSolution
		HideSolutionNode = FALSE
	EndGlobalSection
	GlobalSection(ExtensibilityGlobals) = postSolution
		SolutionGuid = {019C51AB-9843-401D-8307-8A700F48C845}
	EndGlobalSection
EndGlobal
